
Microsoft Visual Studio Solution File, Format Version 12.00
# Visual Studio Version 16
VisualStudioVersion = 16.0.31019.35
MinimumVisualStudioVersion = 10.0.40219.1
Project("{FAE04EC0-301F-11D3-BF4B-00C04F79EFBC}") = "DiscordYoutubeNotify", "DiscordYoutubeNotify\DiscordYoutubeNotify.csproj", "{BDAC4D4C-58CA-44DF-B7A9-94A542DC18CF}"
EndProject
Global
	GlobalSection(SolutionConfigurationPlatforms) = preSolution
		Debug|Any CPU = Debug|Any CPU
		Release|Any CPU = Release|Any CPU
	EndGlobalSection
	GlobalSection(ProjectConfigurationPlatforms) = postSolution
		{BDAC4D4C-58CA-44DF-B7A9-94A542DC18CF}.Debug|Any CPU.ActiveCfg = Debug|Any CPU
		{BDAC4D4C-58CA-44DF-B7A9-94A542DC18CF}.Debug|Any CPU.Build.0 = Debug|Any CPU
		{BDAC4D4C-58CA-44DF-B7A9-94A542DC18CF}.Release|Any CPU.ActiveCfg = Release|Any CPU
		{BDAC4D4C-58CA-44DF-B7A9-94A542DC18CF}.Release|Any CPU.Build.0 = Release|Any CPU
	EndGlobalSection
	GlobalSection(SolutionProperties) = preSolution
		HideSolutionNode = FALSE
	EndGlobalSection
	GlobalSection(ExtensibilityGlobals) = postSolution
		SolutionGuid = {E152E289-1B55-47B8-AE1C-98CF22D11053}
	EndGlobalSection
EndGlobal
